
Microsoft Visual Studio Solution File, Format Version 12.00
# Visual Studio Version 17
VisualStudioVersion = 17.7.34003.232
MinimumVisualStudioVersion = 10.0.40219.1
Project("{9A19103F-16F7-4668-BE54-9A1E7A4F7556}") = "CleanArchitecture.Monolith", "Services\CleanArchitecture.Monolith\CleanArchitecture.Monolith.csproj", "{BC27DC2B-F98B-4942-987C-86BA2E7D4322}"
EndProject
Project("{2150E333-8FDC-42A3-9474-1A3956D46DE8}") = "Services", "Services", "{8ADA7FA9-37CC-4D43-AB4B-4246E3AD49B2}"
EndProject
Project("{2150E333-8FDC-42A3-9474-1A3956D46DE8}") = "Person", "Person", "{FEC08032-1E55-473D-A50C-0C7408AAA7D3}"
EndProject
Project("{9A19103F-16F7-4668-BE54-9A1E7A4F7556}") = "CleanArchitecture.Services.Person.API", "Services\Person\CleanArchitecture.Services.Person.API\CleanArchitecture.Services.Person.API.csproj", "{D52AC3AA-E628-48B1-8268-506A9EC424EB}"
EndProject
Project("{9A19103F-16F7-4668-BE54-9A1E7A4F7556}") = "CleanArchitecture.Services.Person.Application", "Services\Person\CleanArchitecture.Services.Person.Application\CleanArchitecture.Services.Person.Application.csproj", "{9008AC40-02AF-4BDE-B73A-E7AF42C16EE5}"
EndProject
Project("{9A19103F-16F7-4668-BE54-9A1E7A4F7556}") = "CleanArchitecture.Services.Person.Domain", "Services\Person\CleanArchitecture.Services.Person.Domain\CleanArchitecture.Services.Person.Domain.csproj", "{AF24535F-4F80-4CE4-A6FA-B0D3F27E97F4}"
EndProject
Project("{9A19103F-16F7-4668-BE54-9A1E7A4F7556}") = "CleanArchitecture.Services.Person.Infrastructure", "Services\Person\CleanArchitecture.Services.Person.Infrastructure\CleanArchitecture.Services.Person.Infrastructure.csproj", "{3E86B5D9-9695-4DFA-8A26-64DF5F31B99A}"
EndProject
Project("{9A19103F-16F7-4668-BE54-9A1E7A4F7556}") = "CleanArchitecture.Services.Person.Shared", "Services\Person\CleanArchitecture.Services.Person.Shared\CleanArchitecture.Services.Person.Shared.csproj", "{47D77FF3-5305-4E7D-89A9-3C94160994EB}"
EndProject
Project("{9A19103F-16F7-4668-BE54-9A1E7A4F7556}") = "CleanArchitecture.Services.Shared", "CleanArchitecture.Services.Shared\CleanArchitecture.Services.Shared.csproj", "{568B5750-E7F0-4C95-8E33-915DBCE21394}"
EndProject
Project("{2150E333-8FDC-42A3-9474-1A3956D46DE8}") = "tests", "tests", "{CE9FDA47-A0AF-4502-8B12-420BF6AB1805}"
EndProject
Project("{9A19103F-16F7-4668-BE54-9A1E7A4F7556}") = "CleanArchitecture.Services.Person.Domain.Tests", "Services\Person\tests\CleanArchitecture.Services.Person.Domain.Tests\CleanArchitecture.Services.Person.Domain.Tests.csproj", "{00FF241C-888D-47A5-B2C3-D382DC17D3EB}"
EndProject
Project("{9A19103F-16F7-4668-BE54-9A1E7A4F7556}") = "CleanArchitecture.Services.Persion.Application.Tests", "Services\Person\tests\CleanArchitecture.Services.Persion.Application.Tests\CleanArchitecture.Services.Persion.Application.Tests.csproj", "{D6778E0D-7CAA-4C92-B8E7-190EA474DB04}"
EndProject
Project("{9A19103F-16F7-4668-BE54-9A1E7A4F7556}") = "CleanArchitecture.Services.Tests.Shared", "Services\CleanArchitecture.Services.Tests.Shared\CleanArchitecture.Services.Tests.Shared.csproj", "{5B65773D-E162-4541-8566-841F9D160936}"
EndProject
Project("{2150E333-8FDC-42A3-9474-1A3956D46DE8}") = "GymGenius", "GymGenius", "{3636C4B7-0B1C-4F89-83CA-A34D90D80926}"
EndProject
Project("{FAE04EC0-301F-11D3-BF4B-00C04F79EFBC}") = "CleanArchitecture.Services.GymGenius.API", "Services\GymGenius\CleanArchitecture.Services.GymGenius.API\CleanArchitecture.Services.GymGenius.API.csproj", "{CA557710-8D0B-4B70-B5FB-BC0378141A73}"
EndProject
Project("{FAE04EC0-301F-11D3-BF4B-00C04F79EFBC}") = "CleanArchitecture.Services.GymGenius.Application", "Services\GymGenius\CleanArchitecture.Services.GymGenius.Application\CleanArchitecture.Services.GymGenius.Application.csproj", "{2D9BF0D9-E2B2-46B1-999D-4A24D05AA372}"
EndProject
Project("{FAE04EC0-301F-11D3-BF4B-00C04F79EFBC}") = "CleanArchitecture.Services.GymGenius.Domain", "Services\GymGenius\CleanArchitecture.Services.GymGenius.Domain\CleanArchitecture.Services.GymGenius.Domain.csproj", "{DF68A1AD-6537-435B-A3E8-57F19C8F4079}"
EndProject
Project("{FAE04EC0-301F-11D3-BF4B-00C04F79EFBC}") = "CleanArchitecture.Services.GymGenius.Infrastructure", "Services\GymGenius\CleanArchitecture.Services.GymGenius.Infrastructure\CleanArchitecture.Services.GymGenius.Infrastructure.csproj", "{DC66A989-6881-41A3-A180-B47CC36D4E05}"
EndProject
Project("{FAE04EC0-301F-11D3-BF4B-00C04F79EFBC}") = "CleanArchitecture.Services.GymGenius.Shared", "Services\GymGenius\CleanArchitecture.Services.GymGenius.Shared\CleanArchitecture.Services.GymGenius.Shared.csproj", "{19F597BC-237A-4227-85C3-40D074982C3B}"
EndProject
Global
	GlobalSection(SolutionConfigurationPlatforms) = preSolution
		Debug|Any CPU = Debug|Any CPU
		Release|Any CPU = Release|Any CPU
	EndGlobalSection
	GlobalSection(ProjectConfigurationPlatforms) = postSolution
		{BC27DC2B-F98B-4942-987C-86BA2E7D4322}.Debug|Any CPU.ActiveCfg = Debug|Any CPU
		{BC27DC2B-F98B-4942-987C-86BA2E7D4322}.Debug|Any CPU.Build.0 = Debug|Any CPU
		{BC27DC2B-F98B-4942-987C-86BA2E7D4322}.Release|Any CPU.ActiveCfg = Release|Any CPU
		{BC27DC2B-F98B-4942-987C-86BA2E7D4322}.Release|Any CPU.Build.0 = Release|Any CPU
		{D52AC3AA-E628-48B1-8268-506A9EC424EB}.Debug|Any CPU.ActiveCfg = Debug|Any CPU
		{D52AC3AA-E628-48B1-8268-506A9EC424EB}.Debug|Any CPU.Build.0 = Debug|Any CPU
		{D52AC3AA-E628-48B1-8268-506A9EC424EB}.Release|Any CPU.ActiveCfg = Release|Any CPU
		{D52AC3AA-E628-48B1-8268-506A9EC424EB}.Release|Any CPU.Build.0 = Release|Any CPU
		{9008AC40-02AF-4BDE-B73A-E7AF42C16EE5}.Debug|Any CPU.ActiveCfg = Debug|Any CPU
		{9008AC40-02AF-4BDE-B73A-E7AF42C16EE5}.Debug|Any CPU.Build.0 = Debug|Any CPU
		{9008AC40-02AF-4BDE-B73A-E7AF42C16EE5}.Release|Any CPU.ActiveCfg = Release|Any CPU
		{9008AC40-02AF-4BDE-B73A-E7AF42C16EE5}.Release|Any CPU.Build.0 = Release|Any CPU
		{AF24535F-4F80-4CE4-A6FA-B0D3F27E97F4}.Debug|Any CPU.ActiveCfg = Debug|Any CPU
		{AF24535F-4F80-4CE4-A6FA-B0D3F27E97F4}.Debug|Any CPU.Build.0 = Debug|Any CPU
		{AF24535F-4F80-4CE4-A6FA-B0D3F27E97F4}.Release|Any CPU.ActiveCfg = Release|Any CPU
		{AF24535F-4F80-4CE4-A6FA-B0D3F27E97F4}.Release|Any CPU.Build.0 = Release|Any CPU
		{3E86B5D9-9695-4DFA-8A26-64DF5F31B99A}.Debug|Any CPU.ActiveCfg = Debug|Any CPU
		{3E86B5D9-9695-4DFA-8A26-64DF5F31B99A}.Debug|Any CPU.Build.0 = Debug|Any CPU
		{3E86B5D9-9695-4DFA-8A26-64DF5F31B99A}.Release|Any CPU.ActiveCfg = Release|Any CPU
		{3E86B5D9-9695-4DFA-8A26-64DF5F31B99A}.Release|Any CPU.Build.0 = Release|Any CPU
		{47D77FF3-5305-4E7D-89A9-3C94160994EB}.Debug|Any CPU.ActiveCfg = Debug|Any CPU
		{47D77FF3-5305-4E7D-89A9-3C94160994EB}.Debug|Any CPU.Build.0 = Debug|Any CPU
		{47D77FF3-5305-4E7D-89A9-3C94160994EB}.Release|Any CPU.ActiveCfg = Release|Any CPU
		{47D77FF3-5305-4E7D-89A9-3C94160994EB}.Release|Any CPU.Build.0 = Release|Any CPU
		{568B5750-E7F0-4C95-8E33-915DBCE21394}.Debug|Any CPU.ActiveCfg = Debug|Any CPU
		{568B5750-E7F0-4C95-8E33-915DBCE21394}.Debug|Any CPU.Build.0 = Debug|Any CPU
		{568B5750-E7F0-4C95-8E33-915DBCE21394}.Release|Any CPU.ActiveCfg = Release|Any CPU
		{568B5750-E7F0-4C95-8E33-915DBCE21394}.Release|Any CPU.Build.0 = Release|Any CPU
		{00FF241C-888D-47A5-B2C3-D382DC17D3EB}.Debug|Any CPU.ActiveCfg = Debug|Any CPU
		{00FF241C-888D-47A5-B2C3-D382DC17D3EB}.Debug|Any CPU.Build.0 = Debug|Any CPU
		{00FF241C-888D-47A5-B2C3-D382DC17D3EB}.Release|Any CPU.ActiveCfg = Release|Any CPU
		{00FF241C-888D-47A5-B2C3-D382DC17D3EB}.Release|Any CPU.Build.0 = Release|Any CPU
		{D6778E0D-7CAA-4C92-B8E7-190EA474DB04}.Debug|Any CPU.ActiveCfg = Debug|Any CPU
		{D6778E0D-7CAA-4C92-B8E7-190EA474DB04}.Debug|Any CPU.Build.0 = Debug|Any CPU
		{D6778E0D-7CAA-4C92-B8E7-190EA474DB04}.Release|Any CPU.ActiveCfg = Release|Any CPU
		{D6778E0D-7CAA-4C92-B8E7-190EA474DB04}.Release|Any CPU.Build.0 = Release|Any CPU
		{5B65773D-E162-4541-8566-841F9D160936}.Debug|Any CPU.ActiveCfg = Debug|Any CPU
		{5B65773D-E162-4541-8566-841F9D160936}.Debug|Any CPU.Build.0 = Debug|Any CPU
		{5B65773D-E162-4541-8566-841F9D160936}.Release|Any CPU.ActiveCfg = Release|Any CPU
		{5B65773D-E162-4541-8566-841F9D160936}.Release|Any CPU.Build.0 = Release|Any CPU
		{CA557710-8D0B-4B70-B5FB-BC0378141A73}.Debug|Any CPU.ActiveCfg = Debug|Any CPU
		{CA557710-8D0B-4B70-B5FB-BC0378141A73}.Debug|Any CPU.Build.0 = Debug|Any CPU
		{CA557710-8D0B-4B70-B5FB-BC0378141A73}.Release|Any CPU.ActiveCfg = Release|Any CPU
		{CA557710-8D0B-4B70-B5FB-BC0378141A73}.Release|Any CPU.Build.0 = Release|Any CPU
		{2D9BF0D9-E2B2-46B1-999D-4A24D05AA372}.Debug|Any CPU.ActiveCfg = Debug|Any CPU
		{2D9BF0D9-E2B2-46B1-999D-4A24D05AA372}.Debug|Any CPU.Build.0 = Debug|Any CPU
		{2D9BF0D9-E2B2-46B1-999D-4A24D05AA372}.Release|Any CPU.ActiveCfg = Release|Any CPU
		{2D9BF0D9-E2B2-46B1-999D-4A24D05AA372}.Release|Any CPU.Build.0 = Release|Any CPU
		{DF68A1AD-6537-435B-A3E8-57F19C8F4079}.Debug|Any CPU.ActiveCfg = Debug|Any CPU
		{DF68A1AD-6537-435B-A3E8-57F19C8F4079}.Debug|Any CPU.Build.0 = Debug|Any CPU
		{DF68A1AD-6537-435B-A3E8-57F19C8F4079}.Release|Any CPU.ActiveCfg = Release|Any CPU
		{DF68A1AD-6537-435B-A3E8-57F19C8F4079}.Release|Any CPU.Build.0 = Release|Any CPU
		{DC66A989-6881-41A3-A180-B47CC36D4E05}.Debug|Any CPU.ActiveCfg = Debug|Any CPU
		{DC66A989-6881-41A3-A180-B47CC36D4E05}.Debug|Any CPU.Build.0 = Debug|Any CPU
		{DC66A989-6881-41A3-A180-B47CC36D4E05}.Release|Any CPU.ActiveCfg = Release|Any CPU
		{DC66A989-6881-41A3-A180-B47CC36D4E05}.Release|Any CPU.Build.0 = Release|Any CPU
		{19F597BC-237A-4227-85C3-40D074982C3B}.Debug|Any CPU.ActiveCfg = Debug|Any CPU
		{19F597BC-237A-4227-85C3-40D074982C3B}.Debug|Any CPU.Build.0 = Debug|Any CPU
		{19F597BC-237A-4227-85C3-40D074982C3B}.Release|Any CPU.ActiveCfg = Release|Any CPU
		{19F597BC-237A-4227-85C3-40D074982C3B}.Release|Any CPU.Build.0 = Release|Any CPU
	EndGlobalSection
	GlobalSection(SolutionProperties) = preSolution
		HideSolutionNode = FALSE
	EndGlobalSection
	GlobalSection(NestedProjects) = preSolution
		{BC27DC2B-F98B-4942-987C-86BA2E7D4322} = {8ADA7FA9-37CC-4D43-AB4B-4246E3AD49B2}
		{FEC08032-1E55-473D-A50C-0C7408AAA7D3} = {8ADA7FA9-37CC-4D43-AB4B-4246E3AD49B2}
		{D52AC3AA-E628-48B1-8268-506A9EC424EB} = {FEC08032-1E55-473D-A50C-0C7408AAA7D3}
		{9008AC40-02AF-4BDE-B73A-E7AF42C16EE5} = {FEC08032-1E55-473D-A50C-0C7408AAA7D3}
		{AF24535F-4F80-4CE4-A6FA-B0D3F27E97F4} = {FEC08032-1E55-473D-A50C-0C7408AAA7D3}
		{3E86B5D9-9695-4DFA-8A26-64DF5F31B99A} = {FEC08032-1E55-473D-A50C-0C7408AAA7D3}
		{47D77FF3-5305-4E7D-89A9-3C94160994EB} = {FEC08032-1E55-473D-A50C-0C7408AAA7D3}
		{568B5750-E7F0-4C95-8E33-915DBCE21394} = {8ADA7FA9-37CC-4D43-AB4B-4246E3AD49B2}
		{CE9FDA47-A0AF-4502-8B12-420BF6AB1805} = {FEC08032-1E55-473D-A50C-0C7408AAA7D3}
		{00FF241C-888D-47A5-B2C3-D382DC17D3EB} = {CE9FDA47-A0AF-4502-8B12-420BF6AB1805}
		{D6778E0D-7CAA-4C92-B8E7-190EA474DB04} = {CE9FDA47-A0AF-4502-8B12-420BF6AB1805}
		{5B65773D-E162-4541-8566-841F9D160936} = {8ADA7FA9-37CC-4D43-AB4B-4246E3AD49B2}
		{3636C4B7-0B1C-4F89-83CA-A34D90D80926} = {8ADA7FA9-37CC-4D43-AB4B-4246E3AD49B2}
		{CA557710-8D0B-4B70-B5FB-BC0378141A73} = {3636C4B7-0B1C-4F89-83CA-A34D90D80926}
		{2D9BF0D9-E2B2-46B1-999D-4A24D05AA372} = {3636C4B7-0B1C-4F89-83CA-A34D90D80926}
		{DF68A1AD-6537-435B-A3E8-57F19C8F4079} = {3636C4B7-0B1C-4F89-83CA-A34D90D80926}
		{DC66A989-6881-41A3-A180-B47CC36D4E05} = {3636C4B7-0B1C-4F89-83CA-A34D90D80926}
		{19F597BC-237A-4227-85C3-40D074982C3B} = {3636C4B7-0B1C-4F89-83CA-A34D90D80926}
	EndGlobalSection
	GlobalSection(ExtensibilityGlobals) = postSolution
		SolutionGuid = {CED8E23B-5FDA-48E1-B79B-3374B244C402}
	EndGlobalSection
EndGlobal
